
Microsoft Visual Studio Solution File, Format Version 12.00
# Visual Studio 2013
VisualStudioVersion = 12.0.31101.0
MinimumVisualStudioVersion = 10.0.40219.1
Project("{FAE04EC0-301F-11D3-BF4B-00C04F79EFBC}") = "BitTreeMarketMain", "BitTreeMarketMain\BitTreeMarketMain.csproj", "{5D341036-943D-4289-81CD-DE077D7F00B3}"
EndProject
Project("{FAE04EC0-301F-11D3-BF4B-00C04F79EFBC}") = "BitTreeMarketMain.Data", "BitTreeMarketMain.Data\BitTreeMarketMain.Data.csproj", "{61ED9942-7A1B-4387-BD03-C124325B3B9A}"
EndProject
Project("{FAE04EC0-301F-11D3-BF4B-00C04F79EFBC}") = "BitTreeMarketMain.Model", "BitTreeMarketMain.Model\BitTreeMarketMain.Model.csproj", "{AF5B8811-92A4-41EC-899A-96FB3125B36B}"
EndProject
Global
	GlobalSection(SolutionConfigurationPlatforms) = preSolution
		Debug|Any CPU = Debug|Any CPU
		Release|Any CPU = Release|Any CPU
	EndGlobalSection
	GlobalSection(ProjectConfigurationPlatforms) = postSolution
		{5D341036-943D-4289-81CD-DE077D7F00B3}.Debug|Any CPU.ActiveCfg = Debug|Any CPU
		{5D341036-943D-4289-81CD-DE077D7F00B3}.Debug|Any CPU.Build.0 = Debug|Any CPU
		{5D341036-943D-4289-81CD-DE077D7F00B3}.Release|Any CPU.ActiveCfg = Release|Any CPU
		{5D341036-943D-4289-81CD-DE077D7F00B3}.Release|Any CPU.Build.0 = Release|Any CPU
		{61ED9942-7A1B-4387-BD03-C124325B3B9A}.Debug|Any CPU.ActiveCfg = Debug|Any CPU
		{61ED9942-7A1B-4387-BD03-C124325B3B9A}.Debug|Any CPU.Build.0 = Debug|Any CPU
		{61ED9942-7A1B-4387-BD03-C124325B3B9A}.Release|Any CPU.ActiveCfg = Release|Any CPU
		{61ED9942-7A1B-4387-BD03-C124325B3B9A}.Release|Any CPU.Build.0 = Release|Any CPU
		{AF5B8811-92A4-41EC-899A-96FB3125B36B}.Debug|Any CPU.ActiveCfg = Debug|Any CPU
		{AF5B8811-92A4-41EC-899A-96FB3125B36B}.Debug|Any CPU.Build.0 = Debug|Any CPU
		{AF5B8811-92A4-41EC-899A-96FB3125B36B}.Release|Any CPU.ActiveCfg = Release|Any CPU
		{AF5B8811-92A4-41EC-899A-96FB3125B36B}.Release|Any CPU.Build.0 = Release|Any CPU
	EndGlobalSection
	GlobalSection(SolutionProperties) = preSolution
		HideSolutionNode = FALSE
	EndGlobalSection
EndGlobal
